
Microsoft Visual Studio Solution File, Format Version 12.00
# Visual Studio Version 17
VisualStudioVersion = 17.0.31919.166
MinimumVisualStudioVersion = 10.0.40219.1
Project("{FAE04EC0-301F-11D3-BF4B-00C04F79EFBC}") = "BackgroundLogic", "BackgroundLogic\BackgroundLogic.csproj", "{42F3215B-1EF6-4FD0-A2A7-2B57BD906691}"
EndProject
Project("{9A19103F-16F7-4668-BE54-9A1E7A4F7556}") = "SignalCore", "SignalCore\SignalCore.csproj", "{34D17974-52F2-4837-AD58-72F41D433227}"
EndProject
Project("{FAE04EC0-301F-11D3-BF4B-00C04F79EFBC}") = "WebApi", "WebApi\WebApi.csproj", "{A6DF79EB-B324-4556-81BA-C3B5740947F8}"
EndProject
Global
	GlobalSection(SolutionConfigurationPlatforms) = preSolution
		Debug|Any CPU = Debug|Any CPU
		Release|Any CPU = Release|Any CPU
	EndGlobalSection
	GlobalSection(ProjectConfigurationPlatforms) = postSolution
		{42F3215B-1EF6-4FD0-A2A7-2B57BD906691}.Debug|Any CPU.ActiveCfg = Debug|Any CPU
		{42F3215B-1EF6-4FD0-A2A7-2B57BD906691}.Debug|Any CPU.Build.0 = Debug|Any CPU
		{42F3215B-1EF6-4FD0-A2A7-2B57BD906691}.Release|Any CPU.ActiveCfg = Release|Any CPU
		{42F3215B-1EF6-4FD0-A2A7-2B57BD906691}.Release|Any CPU.Build.0 = Release|Any CPU
		{34D17974-52F2-4837-AD58-72F41D433227}.Debug|Any CPU.ActiveCfg = Debug|Any CPU
		{34D17974-52F2-4837-AD58-72F41D433227}.Debug|Any CPU.Build.0 = Debug|Any CPU
		{34D17974-52F2-4837-AD58-72F41D433227}.Release|Any CPU.ActiveCfg = Release|Any CPU
		{34D17974-52F2-4837-AD58-72F41D433227}.Release|Any CPU.Build.0 = Release|Any CPU
		{A6DF79EB-B324-4556-81BA-C3B5740947F8}.Debug|Any CPU.ActiveCfg = Debug|Any CPU
		{A6DF79EB-B324-4556-81BA-C3B5740947F8}.Debug|Any CPU.Build.0 = Debug|Any CPU
		{A6DF79EB-B324-4556-81BA-C3B5740947F8}.Release|Any CPU.ActiveCfg = Release|Any CPU
		{A6DF79EB-B324-4556-81BA-C3B5740947F8}.Release|Any CPU.Build.0 = Release|Any CPU
	EndGlobalSection
	GlobalSection(SolutionProperties) = preSolution
		HideSolutionNode = FALSE
	EndGlobalSection
	GlobalSection(ExtensibilityGlobals) = postSolution
		SolutionGuid = {1DE90AD8-C5A0-485E-8722-29B57890AE00}
	EndGlobalSection
EndGlobal
